
Microsoft Visual Studio Solution File, Format Version 12.00
Project("{FAE04EC0-301F-11D3-BF4B-00C04F79EFBC}") = "AnsibleBackgroundWorker", "AnsibleBackgroundWorker\AnsibleBackgroundWorker.csproj", "{04A373EF-D97F-4AB8-A3D3-AE7DC39BDE90}"
EndProject
Global
	GlobalSection(SolutionConfigurationPlatforms) = preSolution
		Debug|Any CPU = Debug|Any CPU
		Release|Any CPU = Release|Any CPU
	EndGlobalSection
	GlobalSection(ProjectConfigurationPlatforms) = postSolution
		{04A373EF-D97F-4AB8-A3D3-AE7DC39BDE90}.Debug|Any CPU.ActiveCfg = Debug|Any CPU
		{04A373EF-D97F-4AB8-A3D3-AE7DC39BDE90}.Debug|Any CPU.Build.0 = Debug|Any CPU
		{04A373EF-D97F-4AB8-A3D3-AE7DC39BDE90}.Release|Any CPU.ActiveCfg = Release|Any CPU
		{04A373EF-D97F-4AB8-A3D3-AE7DC39BDE90}.Release|Any CPU.Build.0 = Release|Any CPU
	EndGlobalSection
EndGlobal
